
Microsoft Visual Studio Solution File, Format Version 12.00
# Visual Studio Version 17
VisualStudioVersion = 17.0.31912.275
MinimumVisualStudioVersion = 10.0.40219.1
Project("{FAE04EC0-301F-11D3-BF4B-00C04F79EFBC}") = "DAL", "DAL\DAL.csproj", "{4C1384B9-6230-4B85-A116-264A57AAED0B}"
EndProject
Project("{FAE04EC0-301F-11D3-BF4B-00C04F79EFBC}") = "BLL", "BLL\BLL.csproj", "{D39D1C8E-1095-46E3-82E2-6ECE54EB004D}"
EndProject
Global
	GlobalSection(SolutionConfigurationPlatforms) = preSolution
		Debug|Any CPU = Debug|Any CPU
		Release|Any CPU = Release|Any CPU
	EndGlobalSection
	GlobalSection(ProjectConfigurationPlatforms) = postSolution
		{4C1384B9-6230-4B85-A116-264A57AAED0B}.Debug|Any CPU.ActiveCfg = Debug|Any CPU
		{4C1384B9-6230-4B85-A116-264A57AAED0B}.Debug|Any CPU.Build.0 = Debug|Any CPU
		{4C1384B9-6230-4B85-A116-264A57AAED0B}.Release|Any CPU.ActiveCfg = Release|Any CPU
		{4C1384B9-6230-4B85-A116-264A57AAED0B}.Release|Any CPU.Build.0 = Release|Any CPU
		{D39D1C8E-1095-46E3-82E2-6ECE54EB004D}.Debug|Any CPU.ActiveCfg = Debug|Any CPU
		{D39D1C8E-1095-46E3-82E2-6ECE54EB004D}.Debug|Any CPU.Build.0 = Debug|Any CPU
		{D39D1C8E-1095-46E3-82E2-6ECE54EB004D}.Release|Any CPU.ActiveCfg = Release|Any CPU
		{D39D1C8E-1095-46E3-82E2-6ECE54EB004D}.Release|Any CPU.Build.0 = Release|Any CPU
	EndGlobalSection
	GlobalSection(SolutionProperties) = preSolution
		HideSolutionNode = FALSE
	EndGlobalSection
	GlobalSection(ExtensibilityGlobals) = postSolution
		SolutionGuid = {5D6C18F0-FB23-4092-A001-97131D61ECCA}
	EndGlobalSection
EndGlobal
